
Microsoft Visual Studio Solution File, Format Version 12.00
# Visual Studio Version 17
VisualStudioVersion = 17.3.32804.467
MinimumVisualStudioVersion = 10.0.40219.1
Project("{FAE04EC0-301F-11D3-BF4B-00C04F79EFBC}") = "ListenNotesAPI", "ListenNotesAPI\ListenNotesAPI.csproj", "{4E2F1394-0B2A-421D-BE15-DF44C191805B}"
EndProject
Global
	GlobalSection(SolutionConfigurationPlatforms) = preSolution
		Debug|Any CPU = Debug|Any CPU
		Release|Any CPU = Release|Any CPU
	EndGlobalSection
	GlobalSection(ProjectConfigurationPlatforms) = postSolution
		{4E2F1394-0B2A-421D-BE15-DF44C191805B}.Debug|Any CPU.ActiveCfg = Debug|Any CPU
		{4E2F1394-0B2A-421D-BE15-DF44C191805B}.Debug|Any CPU.Build.0 = Debug|Any CPU
		{4E2F1394-0B2A-421D-BE15-DF44C191805B}.Release|Any CPU.ActiveCfg = Release|Any CPU
		{4E2F1394-0B2A-421D-BE15-DF44C191805B}.Release|Any CPU.Build.0 = Release|Any CPU
	EndGlobalSection
	GlobalSection(SolutionProperties) = preSolution
		HideSolutionNode = FALSE
	EndGlobalSection
	GlobalSection(ExtensibilityGlobals) = postSolution
		SolutionGuid = {D75408D1-DEB6-45FC-96B3-7954C98D1252}
	EndGlobalSection
EndGlobal
